
Microsoft Visual Studio Solution File, Format Version 12.00
# Visual Studio Version 17
VisualStudioVersion = 17.5.33516.290
MinimumVisualStudioVersion = 10.0.40219.1
Project("{FAE04EC0-301F-11D3-BF4B-00C04F79EFBC}") = "Authentication", "SecurityAndIdentity\Authentication.csproj", "{540E6467-666C-4683-A6A3-99BEA6167B94}"
EndProject
Project("{FAE04EC0-301F-11D3-BF4B-00C04F79EFBC}") = "UsingMicrosoftIdentityPlatform", "UsingIdentity\UsingMicrosoftIdentityPlatform.csproj", "{BFC4DC43-D935-4F87-9982-43046DBAEBAE}"
EndProject
Project("{FAE04EC0-301F-11D3-BF4B-00C04F79EFBC}") = "UsingIndividualAccounts", "UsingIndividualAccounts\UsingIndividualAccounts.csproj", "{47BBD83D-F85A-4CE9-B11D-0F62492A0BEF}"
EndProject
Project("{FAE04EC0-301F-11D3-BF4B-00C04F79EFBC}") = "MappingUserClaims", "MappingUserClaims\MappingUserClaims.csproj", "{8221D2AC-39CD-4FE1-96BE-019FC5DB3A03}"
EndProject
Global
	GlobalSection(SolutionConfigurationPlatforms) = preSolution
		Debug|Any CPU = Debug|Any CPU
		Release|Any CPU = Release|Any CPU
	EndGlobalSection
	GlobalSection(ProjectConfigurationPlatforms) = postSolution
		{540E6467-666C-4683-A6A3-99BEA6167B94}.Debug|Any CPU.ActiveCfg = Debug|Any CPU
		{540E6467-666C-4683-A6A3-99BEA6167B94}.Debug|Any CPU.Build.0 = Debug|Any CPU
		{540E6467-666C-4683-A6A3-99BEA6167B94}.Release|Any CPU.ActiveCfg = Release|Any CPU
		{540E6467-666C-4683-A6A3-99BEA6167B94}.Release|Any CPU.Build.0 = Release|Any CPU
		{BFC4DC43-D935-4F87-9982-43046DBAEBAE}.Debug|Any CPU.ActiveCfg = Debug|Any CPU
		{BFC4DC43-D935-4F87-9982-43046DBAEBAE}.Debug|Any CPU.Build.0 = Debug|Any CPU
		{BFC4DC43-D935-4F87-9982-43046DBAEBAE}.Release|Any CPU.ActiveCfg = Release|Any CPU
		{BFC4DC43-D935-4F87-9982-43046DBAEBAE}.Release|Any CPU.Build.0 = Release|Any CPU
		{47BBD83D-F85A-4CE9-B11D-0F62492A0BEF}.Debug|Any CPU.ActiveCfg = Debug|Any CPU
		{47BBD83D-F85A-4CE9-B11D-0F62492A0BEF}.Debug|Any CPU.Build.0 = Debug|Any CPU
		{47BBD83D-F85A-4CE9-B11D-0F62492A0BEF}.Release|Any CPU.ActiveCfg = Release|Any CPU
		{47BBD83D-F85A-4CE9-B11D-0F62492A0BEF}.Release|Any CPU.Build.0 = Release|Any CPU
		{8221D2AC-39CD-4FE1-96BE-019FC5DB3A03}.Debug|Any CPU.ActiveCfg = Debug|Any CPU
		{8221D2AC-39CD-4FE1-96BE-019FC5DB3A03}.Debug|Any CPU.Build.0 = Debug|Any CPU
		{8221D2AC-39CD-4FE1-96BE-019FC5DB3A03}.Release|Any CPU.ActiveCfg = Release|Any CPU
		{8221D2AC-39CD-4FE1-96BE-019FC5DB3A03}.Release|Any CPU.Build.0 = Release|Any CPU
	EndGlobalSection
	GlobalSection(SolutionProperties) = preSolution
		HideSolutionNode = FALSE
	EndGlobalSection
	GlobalSection(ExtensibilityGlobals) = postSolution
		SolutionGuid = {BADF5589-75E1-4B9F-B902-61DF2A046879}
	EndGlobalSection
EndGlobal
