
Microsoft Visual Studio Solution File, Format Version 12.00
# Visual Studio Version 17
VisualStudioVersion = 17.5.33516.290
MinimumVisualStudioVersion = 10.0.40219.1
Project("{9A19103F-16F7-4668-BE54-9A1E7A4F7556}") = "Authentication", "SecurityAndIdentity\Authentication.csproj", "{540E6467-666C-4683-A6A3-99BEA6167B94}"
EndProject
Project("{9A19103F-16F7-4668-BE54-9A1E7A4F7556}") = "UsingMicrosoftIdentityPlatform", "UsingIdentity\UsingMicrosoftIdentityPlatform.csproj", "{BFC4DC43-D935-4F87-9982-43046DBAEBAE}"
EndProject
Project("{9A19103F-16F7-4668-BE54-9A1E7A4F7556}") = "UsingIndividualAccounts", "UsingIndividualAccounts\UsingIndividualAccounts.csproj", "{47BBD83D-F85A-4CE9-B11D-0F62492A0BEF}"
EndProject
Project("{9A19103F-16F7-4668-BE54-9A1E7A4F7556}") = "MappingUserClaims", "MappingUserClaims\MappingUserClaims.csproj", "{8221D2AC-39CD-4FE1-96BE-019FC5DB3A03}"
EndProject
Project("{54A90642-561A-4BB1-A94E-469ADEE60C69}") = "angularapp", "AngularAndIdentity\angularapp\angularapp.esproj", "{24B7A133-BBE6-45B6-A8F5-1B77D0B72DF5}"
EndProject
Project("{9A19103F-16F7-4668-BE54-9A1E7A4F7556}") = "webapi", "AngularAndIdentity\webapi\webapi.csproj", "{E74CDA32-2BB1-40B7-8915-890BB39A4100}"
EndProject
Project("{2150E333-8FDC-42A3-9474-1A3956D46DE8}") = "Angular", "Angular", "{FC628028-E581-4AFB-AB7E-76F2A4DA0437}"
EndProject
Project("{2150E333-8FDC-42A3-9474-1A3956D46DE8}") = "AngularLump", "AngularLump", "{A4E412E3-8F58-4295-9379-A212F16DCEA6}"
EndProject
Project("{FAE04EC0-301F-11D3-BF4B-00C04F79EFBC}") = "AngularLump", "AngularLump\AngularLump.csproj", "{8A9AC5FC-1B4A-4CFD-8674-33457EB4170F}"
EndProject
Project("{FAE04EC0-301F-11D3-BF4B-00C04F79EFBC}") = "UsingWindowsAuthentication", "UsingWindowsAuthentication\UsingWindowsAuthentication.csproj", "{39CCA0AC-3048-458B-93CB-453E26AF625F}"
EndProject
Project("{2150E333-8FDC-42A3-9474-1A3956D46DE8}") = "AzureAuthentication", "AzureAuthentication", "{7DCDE3AF-CFEC-4961-B4C9-775F860FC16B}"
EndProject
Project("{FAE04EC0-301F-11D3-BF4B-00C04F79EFBC}") = "AzureAuthentication", "AzureAuthentication\AzureAuthentication.csproj", "{FF97F27D-5264-46D6-A95A-05B9BB5D09FC}"
EndProject
Global
	GlobalSection(SolutionConfigurationPlatforms) = preSolution
		Debug|Any CPU = Debug|Any CPU
		Release|Any CPU = Release|Any CPU
	EndGlobalSection
	GlobalSection(ProjectConfigurationPlatforms) = postSolution
		{540E6467-666C-4683-A6A3-99BEA6167B94}.Debug|Any CPU.ActiveCfg = Debug|Any CPU
		{540E6467-666C-4683-A6A3-99BEA6167B94}.Debug|Any CPU.Build.0 = Debug|Any CPU
		{540E6467-666C-4683-A6A3-99BEA6167B94}.Release|Any CPU.ActiveCfg = Release|Any CPU
		{540E6467-666C-4683-A6A3-99BEA6167B94}.Release|Any CPU.Build.0 = Release|Any CPU
		{BFC4DC43-D935-4F87-9982-43046DBAEBAE}.Debug|Any CPU.ActiveCfg = Debug|Any CPU
		{BFC4DC43-D935-4F87-9982-43046DBAEBAE}.Debug|Any CPU.Build.0 = Debug|Any CPU
		{BFC4DC43-D935-4F87-9982-43046DBAEBAE}.Release|Any CPU.ActiveCfg = Release|Any CPU
		{BFC4DC43-D935-4F87-9982-43046DBAEBAE}.Release|Any CPU.Build.0 = Release|Any CPU
		{47BBD83D-F85A-4CE9-B11D-0F62492A0BEF}.Debug|Any CPU.ActiveCfg = Debug|Any CPU
		{47BBD83D-F85A-4CE9-B11D-0F62492A0BEF}.Debug|Any CPU.Build.0 = Debug|Any CPU
		{47BBD83D-F85A-4CE9-B11D-0F62492A0BEF}.Release|Any CPU.ActiveCfg = Release|Any CPU
		{47BBD83D-F85A-4CE9-B11D-0F62492A0BEF}.Release|Any CPU.Build.0 = Release|Any CPU
		{8221D2AC-39CD-4FE1-96BE-019FC5DB3A03}.Debug|Any CPU.ActiveCfg = Debug|Any CPU
		{8221D2AC-39CD-4FE1-96BE-019FC5DB3A03}.Debug|Any CPU.Build.0 = Debug|Any CPU
		{8221D2AC-39CD-4FE1-96BE-019FC5DB3A03}.Release|Any CPU.ActiveCfg = Release|Any CPU
		{8221D2AC-39CD-4FE1-96BE-019FC5DB3A03}.Release|Any CPU.Build.0 = Release|Any CPU
		{24B7A133-BBE6-45B6-A8F5-1B77D0B72DF5}.Debug|Any CPU.ActiveCfg = Debug|Any CPU
		{24B7A133-BBE6-45B6-A8F5-1B77D0B72DF5}.Debug|Any CPU.Build.0 = Debug|Any CPU
		{24B7A133-BBE6-45B6-A8F5-1B77D0B72DF5}.Debug|Any CPU.Deploy.0 = Debug|Any CPU
		{24B7A133-BBE6-45B6-A8F5-1B77D0B72DF5}.Release|Any CPU.ActiveCfg = Release|Any CPU
		{24B7A133-BBE6-45B6-A8F5-1B77D0B72DF5}.Release|Any CPU.Build.0 = Release|Any CPU
		{24B7A133-BBE6-45B6-A8F5-1B77D0B72DF5}.Release|Any CPU.Deploy.0 = Release|Any CPU
		{E74CDA32-2BB1-40B7-8915-890BB39A4100}.Debug|Any CPU.ActiveCfg = Debug|Any CPU
		{E74CDA32-2BB1-40B7-8915-890BB39A4100}.Debug|Any CPU.Build.0 = Debug|Any CPU
		{E74CDA32-2BB1-40B7-8915-890BB39A4100}.Release|Any CPU.ActiveCfg = Release|Any CPU
		{E74CDA32-2BB1-40B7-8915-890BB39A4100}.Release|Any CPU.Build.0 = Release|Any CPU
		{8A9AC5FC-1B4A-4CFD-8674-33457EB4170F}.Debug|Any CPU.ActiveCfg = Debug|Any CPU
		{8A9AC5FC-1B4A-4CFD-8674-33457EB4170F}.Debug|Any CPU.Build.0 = Debug|Any CPU
		{8A9AC5FC-1B4A-4CFD-8674-33457EB4170F}.Release|Any CPU.ActiveCfg = Release|Any CPU
		{8A9AC5FC-1B4A-4CFD-8674-33457EB4170F}.Release|Any CPU.Build.0 = Release|Any CPU
		{39CCA0AC-3048-458B-93CB-453E26AF625F}.Debug|Any CPU.ActiveCfg = Debug|Any CPU
		{39CCA0AC-3048-458B-93CB-453E26AF625F}.Debug|Any CPU.Build.0 = Debug|Any CPU
		{39CCA0AC-3048-458B-93CB-453E26AF625F}.Release|Any CPU.ActiveCfg = Release|Any CPU
		{39CCA0AC-3048-458B-93CB-453E26AF625F}.Release|Any CPU.Build.0 = Release|Any CPU
		{FF97F27D-5264-46D6-A95A-05B9BB5D09FC}.Debug|Any CPU.ActiveCfg = Debug|Any CPU
		{FF97F27D-5264-46D6-A95A-05B9BB5D09FC}.Debug|Any CPU.Build.0 = Debug|Any CPU
		{FF97F27D-5264-46D6-A95A-05B9BB5D09FC}.Release|Any CPU.ActiveCfg = Release|Any CPU
		{FF97F27D-5264-46D6-A95A-05B9BB5D09FC}.Release|Any CPU.Build.0 = Release|Any CPU
	EndGlobalSection
	GlobalSection(SolutionProperties) = preSolution
		HideSolutionNode = FALSE
	EndGlobalSection
	GlobalSection(NestedProjects) = preSolution
		{24B7A133-BBE6-45B6-A8F5-1B77D0B72DF5} = {FC628028-E581-4AFB-AB7E-76F2A4DA0437}
		{E74CDA32-2BB1-40B7-8915-890BB39A4100} = {FC628028-E581-4AFB-AB7E-76F2A4DA0437}
		{8A9AC5FC-1B4A-4CFD-8674-33457EB4170F} = {A4E412E3-8F58-4295-9379-A212F16DCEA6}
		{FF97F27D-5264-46D6-A95A-05B9BB5D09FC} = {7DCDE3AF-CFEC-4961-B4C9-775F860FC16B}
	EndGlobalSection
	GlobalSection(ExtensibilityGlobals) = postSolution
		SolutionGuid = {BADF5589-75E1-4B9F-B902-61DF2A046879}
	EndGlobalSection
EndGlobal
